
Microsoft Visual Studio Solution File, Format Version 12.00
# Visual Studio Version 16
VisualStudioVersion = 16.0.31025.194
MinimumVisualStudioVersion = 10.0.40219.1
Project("{FAE04EC0-301F-11D3-BF4B-00C04F79EFBC}") = "Minesweeper(v.1.2)", "Minesweeper(v.1.2)\Minesweeper(v.1.2).csproj", "{B1DDE322-1397-4C74-8EDD-8D62063CB421}"
EndProject
Global
	GlobalSection(SolutionConfigurationPlatforms) = preSolution
		Debug|Any CPU = Debug|Any CPU
		Release|Any CPU = Release|Any CPU
	EndGlobalSection
	GlobalSection(ProjectConfigurationPlatforms) = postSolution
		{B1DDE322-1397-4C74-8EDD-8D62063CB421}.Debug|Any CPU.ActiveCfg = Debug|Any CPU
		{B1DDE322-1397-4C74-8EDD-8D62063CB421}.Debug|Any CPU.Build.0 = Debug|Any CPU
		{B1DDE322-1397-4C74-8EDD-8D62063CB421}.Release|Any CPU.ActiveCfg = Release|Any CPU
		{B1DDE322-1397-4C74-8EDD-8D62063CB421}.Release|Any CPU.Build.0 = Release|Any CPU
	EndGlobalSection
	GlobalSection(SolutionProperties) = preSolution
		HideSolutionNode = FALSE
	EndGlobalSection
	GlobalSection(ExtensibilityGlobals) = postSolution
		SolutionGuid = {D57177E4-D362-477D-9218-2BFFADC59B4E}
	EndGlobalSection
EndGlobal
